
Microsoft Visual Studio Solution File, Format Version 12.00
# Visual Studio Version 17
VisualStudioVersion = 17.14.36408.4 d17.14
MinimumVisualStudioVersion = 10.0.40219.1
Project("{FAE04EC0-301F-11D3-BF4B-00C04F79EFBC}") = "Az204", "Az204\Az204.csproj", "{BA481723-6DCE-4DB4-B1CA-A6E98A81A3A1}"
EndProject
Global
	GlobalSection(SolutionConfigurationPlatforms) = preSolution
		Debug|Any CPU = Debug|Any CPU
		Release|Any CPU = Release|Any CPU
	EndGlobalSection
	GlobalSection(ProjectConfigurationPlatforms) = postSolution
		{BA481723-6DCE-4DB4-B1CA-A6E98A81A3A1}.Debug|Any CPU.ActiveCfg = Debug|Any CPU
		{BA481723-6DCE-4DB4-B1CA-A6E98A81A3A1}.Debug|Any CPU.Build.0 = Debug|Any CPU
		{BA481723-6DCE-4DB4-B1CA-A6E98A81A3A1}.Release|Any CPU.ActiveCfg = Release|Any CPU
		{BA481723-6DCE-4DB4-B1CA-A6E98A81A3A1}.Release|Any CPU.Build.0 = Release|Any CPU
	EndGlobalSection
	GlobalSection(SolutionProperties) = preSolution
		HideSolutionNode = FALSE
	EndGlobalSection
	GlobalSection(ExtensibilityGlobals) = postSolution
		SolutionGuid = {5055B3DC-E416-415F-B9AB-81A97D232D82}
	EndGlobalSection
EndGlobal
